version: 6
environments:
  default:
    channels:
    - url: https://conda.anaconda.org/conda-forge/
    packages:
      linux-64:
      - conda: https://conda.anaconda.org/conda-forge/linux-64/_libgcc_mutex-0.1-conda_forge.tar.bz2
      - conda: https://conda.anaconda.org/conda-forge/linux-64/_openmp_mutex-4.5-2_gnu.tar.bz2
      - conda: https://conda.anaconda.org/conda-forge/noarch/_python_abi3_support-1.0-hd8ed1ab_2.conda
      - conda: https://conda.anaconda.org/conda-forge/noarch/anyio-4.10.0-pyhe01879c_0.conda
      - conda: https://conda.anaconda.org/conda-forge/linux-64/bzip2-1.0.8-h4bc722e_7.conda
      - conda: https://conda.anaconda.org/conda-forge/noarch/ca-certificates-2025.8.3-hbd8a1cb_0.conda
      - conda: https://conda.anaconda.org/conda-forge/noarch/click-8.2.1-pyh707e725_0.conda
      - conda: https://conda.anaconda.org/conda-forge/noarch/cpython-3.13.5-py313hd8ed1ab_102.conda
      - conda: https://conda.anaconda.org/conda-forge/noarch/docutils-0.22-pyhd8ed1ab_0.conda
      - conda: https://conda.anaconda.org/conda-forge/noarch/exceptiongroup-1.3.0-pyhd8ed1ab_0.conda
      - conda: https://conda.anaconda.org/conda-forge/noarch/h11-0.16.0-pyhd8ed1ab_0.conda
      - conda: https://conda.anaconda.org/conda-forge/noarch/idna-3.10-pyhd8ed1ab_1.conda
      - conda: https://conda.anaconda.org/conda-forge/noarch/importlib-metadata-8.7.0-pyhe01879c_1.conda
      - conda: https://conda.anaconda.org/conda-forge/noarch/itsdangerous-2.2.0-pyhd8ed1ab_1.conda
      - conda: https://conda.anaconda.org/conda-forge/noarch/jedi-0.19.2-pyhd8ed1ab_1.conda
      - conda: https://conda.anaconda.org/conda-forge/linux-64/ld_impl_linux-64-2.44-h1423503_1.conda
      - conda: https://conda.anaconda.org/conda-forge/linux-64/libexpat-2.7.1-hecca717_0.conda
      - conda: https://conda.anaconda.org/conda-forge/linux-64/libffi-3.4.6-h2dba641_1.conda
      - conda: https://conda.anaconda.org/conda-forge/linux-64/libgcc-15.1.0-h767d61c_4.conda
      - conda: https://conda.anaconda.org/conda-forge/linux-64/libgcc-ng-15.1.0-h69a702a_4.conda
      - conda: https://conda.anaconda.org/conda-forge/linux-64/libgomp-15.1.0-h767d61c_4.conda
      - conda: https://conda.anaconda.org/conda-forge/linux-64/liblzma-5.8.1-hb9d3cd8_2.conda
      - conda: https://conda.anaconda.org/conda-forge/linux-64/libmpdec-4.0.0-hb9d3cd8_0.conda
      - conda: https://conda.anaconda.org/conda-forge/linux-64/libsqlite-3.50.4-h0c1763c_0.conda
      - conda: https://conda.anaconda.org/conda-forge/linux-64/libstdcxx-15.1.0-h8f9b012_4.conda
      - conda: https://conda.anaconda.org/conda-forge/linux-64/libuuid-2.38.1-h0b41bf4_0.conda
      - conda: https://conda.anaconda.org/conda-forge/linux-64/libzlib-1.3.1-hb9d3cd8_2.conda
      - conda: https://conda.anaconda.org/conda-forge/linux-64/loro-1.5.4-py313hd190ac3_0.conda
      - conda: https://conda.anaconda.org/conda-forge/linux-64/marimo-0.14.17-py313hd5f5364_0.conda
      - conda: https://conda.anaconda.org/conda-forge/noarch/markdown-3.8.2-pyhd8ed1ab_0.conda
      - conda: https://conda.anaconda.org/conda-forge/noarch/narwhals-2.1.2-pyhe01879c_0.conda
      - conda: https://conda.anaconda.org/conda-forge/linux-64/ncurses-6.5-h2d0b736_3.conda
      - conda: https://conda.anaconda.org/conda-forge/linux-64/openssl-3.5.2-h26f9b46_0.conda
      - conda: https://conda.anaconda.org/conda-forge/noarch/packaging-25.0-pyh29332c3_1.conda
      - conda: https://conda.anaconda.org/conda-forge/noarch/parso-0.8.4-pyhd8ed1ab_1.conda
      - conda: https://conda.anaconda.org/conda-forge/linux-64/polars-1.32.3-default_h3512890_0.conda
      - conda: https://conda.anaconda.org/conda-forge/linux-64/polars-default-1.32.3-py39hf521cc8_0.conda
      - conda: https://conda.anaconda.org/conda-forge/linux-64/psutil-7.0.0-py313h536fd9c_0.conda
      - conda: https://conda.anaconda.org/conda-forge/noarch/pygments-2.19.2-pyhd8ed1ab_0.conda
      - conda: https://conda.anaconda.org/conda-forge/noarch/pymdown-extensions-10.16.1-pyhd8ed1ab_0.conda
      - conda: https://conda.anaconda.org/conda-forge/linux-64/python-3.13.5-hec9711d_102_cp313.conda
      - conda: https://conda.anaconda.org/conda-forge/noarch/python-gil-3.13.5-h4df99d1_102.conda
      - conda: https://conda.anaconda.org/conda-forge/noarch/python_abi-3.13-8_cp313.conda
      - conda: https://conda.anaconda.org/conda-forge/linux-64/pyyaml-6.0.2-py313h8060acc_2.conda
      - conda: https://conda.anaconda.org/conda-forge/linux-64/readline-8.2-h8c095d6_2.conda
      - conda: https://conda.anaconda.org/conda-forge/linux-64/ruff-0.12.9-hbf64f1c_1.conda
      - conda: https://conda.anaconda.org/conda-forge/noarch/sniffio-1.3.1-pyhd8ed1ab_1.conda
      - conda: https://conda.anaconda.org/conda-forge/noarch/starlette-0.47.2-pyh82d4cca_0.conda
      - conda: https://conda.anaconda.org/conda-forge/linux-64/tk-8.6.13-noxft_hd72426e_102.conda
      - conda: https://conda.anaconda.org/conda-forge/noarch/tomlkit-0.13.3-pyha770c72_0.conda
      - conda: https://conda.anaconda.org/conda-forge/noarch/typing_extensions-4.14.1-pyhe01879c_0.conda
      - conda: https://conda.anaconda.org/conda-forge/noarch/tzdata-2025b-h78e105d_0.conda
      - conda: https://conda.anaconda.org/conda-forge/noarch/uvicorn-0.35.0-pyh31011fe_0.conda
      - conda: https://conda.anaconda.org/conda-forge/linux-64/websockets-15.0.1-py313h536fd9c_0.conda
      - conda: https://conda.anaconda.org/conda-forge/linux-64/yaml-0.2.5-h280c20c_3.conda
      - conda: https://conda.anaconda.org/conda-forge/noarch/zipp-3.23.0-pyhd8ed1ab_0.conda
packages:
- conda: https://conda.anaconda.org/conda-forge/linux-64/_libgcc_mutex-0.1-conda_forge.tar.bz2
  sha256: fe51de6107f9edc7aa4f786a70f4a883943bc9d39b3bb7307c04c41410990726
  md5: d7c89558ba9fa0495403155b64376d81
  license: None
  size: 2562
  timestamp: 1578324546067
- conda: https://conda.anaconda.org/conda-forge/linux-64/_openmp_mutex-4.5-2_gnu.tar.bz2
  build_number: 16
  sha256: fbe2c5e56a653bebb982eda4876a9178aedfc2b545f25d0ce9c4c0b508253d22
  md5: 73aaf86a425cc6e73fcf236a5a46396d
  depends:
  - _libgcc_mutex 0.1 conda_forge
  - libgomp >=7.5.0
  constrains:
  - openmp_impl 9999
  license: BSD-3-Clause
  license_family: BSD
  size: 23621
  timestamp: 1650670423406
- conda: https://conda.anaconda.org/conda-forge/noarch/_python_abi3_support-1.0-hd8ed1ab_2.conda
  sha256: a3967b937b9abf0f2a99f3173fa4630293979bd1644709d89580e7c62a544661
  md5: aaa2a381ccc56eac91d63b6c1240312f
  depends:
  - cpython
  - python-gil
  license: MIT
  license_family: MIT
  size: 8191
  timestamp: 1744137672556
- conda: https://conda.anaconda.org/conda-forge/noarch/anyio-4.10.0-pyhe01879c_0.conda
  sha256: d1b50686672ebe7041e44811eda563e45b94a8354db67eca659040392ac74d63
  md5: cc2613bfa71dec0eb2113ee21ac9ccbf
  depends:
  - exceptiongroup >=1.0.2
  - idna >=2.8
  - python >=3.9
  - sniffio >=1.1
  - typing_extensions >=4.5
  - python
  constrains:
  - trio >=0.26.1
  - uvloop >=0.21
  license: MIT
  license_family: MIT
  size: 134857
  timestamp: 1754315087747
- conda: https://conda.anaconda.org/conda-forge/linux-64/bzip2-1.0.8-h4bc722e_7.conda
  sha256: 5ced96500d945fb286c9c838e54fa759aa04a7129c59800f0846b4335cee770d
  md5: 62ee74e96c5ebb0af99386de58cf9553
  depends:
  - __glibc >=2.17,<3.0.a0
  - libgcc-ng >=12
  license: bzip2-1.0.6
  license_family: BSD
  size: 252783
  timestamp: 1720974456583
- conda: https://conda.anaconda.org/conda-forge/noarch/ca-certificates-2025.8.3-hbd8a1cb_0.conda
  sha256: 837b795a2bb39b75694ba910c13c15fa4998d4bb2a622c214a6a5174b2ae53d1
  md5: 74784ee3d225fc3dca89edb635b4e5cc
  depends:
  - __unix
  license: ISC
  size: 154402
  timestamp: 1754210968730
- conda: https://conda.anaconda.org/conda-forge/noarch/click-8.2.1-pyh707e725_0.conda
  sha256: 8aee789c82d8fdd997840c952a586db63c6890b00e88c4fb6e80a38edd5f51c0
  md5: 94b550b8d3a614dbd326af798c7dfb40
  depends:
  - __unix
  - python >=3.10
  license: BSD-3-Clause
  license_family: BSD
  size: 87749
  timestamp: 1747811451319
- conda: https://conda.anaconda.org/conda-forge/noarch/cpython-3.13.5-py313hd8ed1ab_102.conda
  noarch: generic
  sha256: 058c8156ff880b1180a36b94307baad91f9130d0e3019ad8c7ade035852016fb
  md5: 0401f31e3c9e48cebf215472aa3e7104
  depends:
  - python >=3.13,<3.14.0a0
  - python_abi * *_cp313
  license: Python-2.0
  size: 47560
  timestamp: 1750062514868
- conda: https://conda.anaconda.org/conda-forge/noarch/docutils-0.22-pyhd8ed1ab_0.conda
  sha256: dd585e49f231ec414e6550783f2aff85027fa829e5d66004ad702e1cfa6324aa
  md5: 140faac6cff4382f5ea077ca618b2931
  depends:
  - python >=3.9
  license: CC-PDDC AND BSD-3-Clause AND BSD-2-Clause AND ZPL-2.1
  size: 436452
  timestamp: 1753875179563
- conda: https://conda.anaconda.org/conda-forge/noarch/exceptiongroup-1.3.0-pyhd8ed1ab_0.conda
  sha256: ce61f4f99401a4bd455b89909153b40b9c823276aefcbb06f2044618696009ca
  md5: 72e42d28960d875c7654614f8b50939a
  depends:
  - python >=3.9
  - typing_extensions >=4.6.0
  license: MIT and PSF-2.0
  size: 21284
  timestamp: 1746947398083
- conda: https://conda.anaconda.org/conda-forge/noarch/h11-0.16.0-pyhd8ed1ab_0.conda
  sha256: f64b68148c478c3bfc8f8d519541de7d2616bf59d44485a5271041d40c061887
  md5: 4b69232755285701bc86a5afe4d9933a
  depends:
  - python >=3.9
  - typing_extensions
  license: MIT
  license_family: MIT
  size: 37697
  timestamp: 1745526482242
- conda: https://conda.anaconda.org/conda-forge/noarch/idna-3.10-pyhd8ed1ab_1.conda
  sha256: d7a472c9fd479e2e8dcb83fb8d433fce971ea369d704ece380e876f9c3494e87
  md5: 39a4f67be3286c86d696df570b1201b7
  depends:
  - python >=3.9
  license: BSD-3-Clause
  license_family: BSD
  size: 49765
  timestamp: 1733211921194
- conda: https://conda.anaconda.org/conda-forge/noarch/importlib-metadata-8.7.0-pyhe01879c_1.conda
  sha256: c18ab120a0613ada4391b15981d86ff777b5690ca461ea7e9e49531e8f374745
  md5: 63ccfdc3a3ce25b027b8767eb722fca8
  depends:
  - python >=3.9
  - zipp >=3.20
  - python
  license: Apache-2.0
  license_family: APACHE
  size: 34641
  timestamp: 1747934053147
- conda: https://conda.anaconda.org/conda-forge/noarch/itsdangerous-2.2.0-pyhd8ed1ab_1.conda
  sha256: 1684b7b16eec08efef5302ce298c606b163c18272b69a62b666fbaa61516f170
  md5: 7ac5f795c15f288984e32add616cdc59
  depends:
  - python >=3.9
  license: BSD-3-Clause
  license_family: BSD
  size: 19180
  timestamp: 1733308353037
- conda: https://conda.anaconda.org/conda-forge/noarch/jedi-0.19.2-pyhd8ed1ab_1.conda
  sha256: 92c4d217e2dc68983f724aa983cca5464dcb929c566627b26a2511159667dba8
  md5: a4f4c5dc9b80bc50e0d3dc4e6e8f1bd9
  depends:
  - parso >=0.8.3,<0.9.0
  - python >=3.9
  license: Apache-2.0 AND MIT
  size: 843646
  timestamp: 1733300981994
- conda: https://conda.anaconda.org/conda-forge/linux-64/ld_impl_linux-64-2.44-h1423503_1.conda
  sha256: 1a620f27d79217c1295049ba214c2f80372062fd251b569e9873d4a953d27554
  md5: 0be7c6e070c19105f966d3758448d018
  depends:
  - __glibc >=2.17,<3.0.a0
  constrains:
  - binutils_impl_linux-64 2.44
  license: GPL-3.0-only
  license_family: GPL
  size: 676044
  timestamp: 1752032747103
- conda: https://conda.anaconda.org/conda-forge/linux-64/libexpat-2.7.1-hecca717_0.conda
  sha256: da2080da8f0288b95dd86765c801c6e166c4619b910b11f9a8446fb852438dc2
  md5: 4211416ecba1866fab0c6470986c22d6
  depends:
  - __glibc >=2.17,<3.0.a0
  - libgcc >=14
  constrains:
  - expat 2.7.1.*
  license: MIT
  license_family: MIT
  size: 74811
  timestamp: 1752719572741
- conda: https://conda.anaconda.org/conda-forge/linux-64/libffi-3.4.6-h2dba641_1.conda
  sha256: 764432d32db45466e87f10621db5b74363a9f847d2b8b1f9743746cd160f06ab
  md5: ede4673863426c0883c0063d853bbd85
  depends:
  - __glibc >=2.17,<3.0.a0
  - libgcc >=13
  license: MIT
  license_family: MIT
  size: 57433
  timestamp: 1743434498161
- conda: https://conda.anaconda.org/conda-forge/linux-64/libgcc-15.1.0-h767d61c_4.conda
  sha256: 144e35c1c2840f2dc202f6915fc41879c19eddbb8fa524e3ca4aa0d14018b26f
  md5: f406dcbb2e7bef90d793e50e79a2882b
  depends:
  - __glibc >=2.17,<3.0.a0
  - _openmp_mutex >=4.5
  constrains:
  - libgcc-ng ==15.1.0=*_4
  - libgomp 15.1.0 h767d61c_4
  license: GPL-3.0-only WITH GCC-exception-3.1
  license_family: GPL
  size: 824153
  timestamp: 1753903866511
- conda: https://conda.anaconda.org/conda-forge/linux-64/libgcc-ng-15.1.0-h69a702a_4.conda
  sha256: 76ceac93ed98f208363d6e9c75011b0ff7b97b20f003f06461a619557e726637
  md5: 28771437ffcd9f3417c66012dc49a3be
  depends:
  - libgcc 15.1.0 h767d61c_4
  license: GPL-3.0-only WITH GCC-exception-3.1
  license_family: GPL
  size: 29249
  timestamp: 1753903872571
- conda: https://conda.anaconda.org/conda-forge/linux-64/libgomp-15.1.0-h767d61c_4.conda
  sha256: e0487a8fec78802ac04da0ac1139c3510992bc58a58cde66619dde3b363c2933
  md5: 3baf8976c96134738bba224e9ef6b1e5
  depends:
  - __glibc >=2.17,<3.0.a0
  license: GPL-3.0-only WITH GCC-exception-3.1
  license_family: GPL
  size: 447289
  timestamp: 1753903801049
- conda: https://conda.anaconda.org/conda-forge/linux-64/liblzma-5.8.1-hb9d3cd8_2.conda
  sha256: f2591c0069447bbe28d4d696b7fcb0c5bd0b4ac582769b89addbcf26fb3430d8
  md5: 1a580f7796c7bf6393fddb8bbbde58dc
  depends:
  - __glibc >=2.17,<3.0.a0
  - libgcc >=13
  constrains:
  - xz 5.8.1.*
  license: 0BSD
  size: 112894
  timestamp: 1749230047870
- conda: https://conda.anaconda.org/conda-forge/linux-64/libmpdec-4.0.0-hb9d3cd8_0.conda
  sha256: 3aa92d4074d4063f2a162cd8ecb45dccac93e543e565c01a787e16a43501f7ee
  md5: c7e925f37e3b40d893459e625f6a53f1
  depends:
  - __glibc >=2.17,<3.0.a0
  - libgcc >=13
  license: BSD-2-Clause
  license_family: BSD
  size: 91183
  timestamp: 1748393666725
- conda: https://conda.anaconda.org/conda-forge/linux-64/libsqlite-3.50.4-h0c1763c_0.conda
  sha256: 6d9c32fc369af5a84875725f7ddfbfc2ace795c28f246dc70055a79f9b2003da
  md5: 0b367fad34931cb79e0d6b7e5c06bb1c
  depends:
  - __glibc >=2.17,<3.0.a0
  - libgcc >=14
  - libzlib >=1.3.1,<2.0a0
  license: blessing
  size: 932581
  timestamp: 1753948484112
- conda: https://conda.anaconda.org/conda-forge/linux-64/libstdcxx-15.1.0-h8f9b012_4.conda
  sha256: b5b239e5fca53ff90669af1686c86282c970dd8204ebf477cf679872eb6d48ac
  md5: 3c376af8888c386b9d3d1c2701e2f3ab
  depends:
  - __glibc >=2.17,<3.0.a0
  - libgcc 15.1.0 h767d61c_4
  license: GPL-3.0-only WITH GCC-exception-3.1
  license_family: GPL
  size: 3903453
  timestamp: 1753903894186
- conda: https://conda.anaconda.org/conda-forge/linux-64/libuuid-2.38.1-h0b41bf4_0.conda
  sha256: 787eb542f055a2b3de553614b25f09eefb0a0931b0c87dbcce6efdfd92f04f18
  md5: 40b61aab5c7ba9ff276c41cfffe6b80b
  depends:
  - libgcc-ng >=12
  license: BSD-3-Clause
  license_family: BSD
  size: 33601
  timestamp: 1680112270483
- conda: https://conda.anaconda.org/conda-forge/linux-64/libzlib-1.3.1-hb9d3cd8_2.conda
  sha256: d4bfe88d7cb447768e31650f06257995601f89076080e76df55e3112d4e47dc4
  md5: edb0dca6bc32e4f4789199455a1dbeb8
  depends:
  - __glibc >=2.17,<3.0.a0
  - libgcc >=13
  constrains:
  - zlib 1.3.1 *_2
  license: Zlib
  license_family: Other
  size: 60963
  timestamp: 1727963148474
- conda: https://conda.anaconda.org/conda-forge/linux-64/loro-1.5.4-py313hd190ac3_0.conda
  sha256: 949cfe677cb88dc2b315887a253f5f8ed4c5a5a5fa414b5ae25f1bf332dc85ca
  md5: addafc0918e5d193a404de0613e91bbc
  depends:
  - python
  - python_abi 3.13.* *_cp313
  constrains:
  - __glibc >=2.17
  license: MIT
  license_family: MIT
  size: 2712437
  timestamp: 1755188453612
- conda: https://conda.anaconda.org/conda-forge/linux-64/marimo-0.14.17-py313hd5f5364_0.conda
  sha256: 44c1ad67dd6cea5a078abceff750bf23ce3953a20f8d979a32d7cf3c9599da8f
  md5: 1724ee59fedd7449606dd622f50479f6
  depends:
  - python
  - click >=8.0,<9
  - jedi >=0.18.0
  - markdown >=3.4,<4
  - pymdown-extensions >=10,<11
  - pygments >=2.13,<3
  - tomlkit >=0.12.0
  - pyyaml >=6.0
  - uvicorn >=0.22.0
  - starlette >=0.26.1,!=0.36.0
  - websockets >=10
  - loro >=1.5.0
  - docutils >=0.16.0
  - psutil >=5.0
  - itsdangerous >=2
  - narwhals >=1.12.0
  - ruff
  - packaging
  - python_abi 3.13.* *_cp313
  license: Apache-2.0
  license_family: APACHE
  size: 26911985
  timestamp: 1754947070542
- conda: https://conda.anaconda.org/conda-forge/noarch/markdown-3.8.2-pyhd8ed1ab_0.conda
  sha256: d495279d947e01300bfbc124859151be4eec3a088c1afe173323fd3aa89423b2
  md5: b0404922d0459f188768d1e613ed8a87
  depends:
  - importlib-metadata >=4.4
  - python >=3.9
  license: BSD-3-Clause
  license_family: BSD
  size: 80353
  timestamp: 1750360406187
- conda: https://conda.anaconda.org/conda-forge/noarch/narwhals-2.1.2-pyhe01879c_0.conda
  sha256: 54c58f45029b79a1fec25dc6f6179879afa4dddb73e5c38c85e574f66bb1d930
  md5: 90d3b6c75c144e8c461b846410d7c0bf
  depends:
  - python >=3.9
  - python
  license: MIT
  license_family: MIT
  size: 243121
  timestamp: 1755254908603
- conda: https://conda.anaconda.org/conda-forge/linux-64/ncurses-6.5-h2d0b736_3.conda
  sha256: 3fde293232fa3fca98635e1167de6b7c7fda83caf24b9d6c91ec9eefb4f4d586
  md5: 47e340acb35de30501a76c7c799c41d7
  depends:
  - __glibc >=2.17,<3.0.a0
  - libgcc >=13
  license: X11 AND BSD-3-Clause
  size: 891641
  timestamp: 1738195959188
- conda: https://conda.anaconda.org/conda-forge/linux-64/openssl-3.5.2-h26f9b46_0.conda
  sha256: c9f54d4e8212f313be7b02eb962d0cb13a8dae015683a403d3accd4add3e520e
  md5: ffffb341206dd0dab0c36053c048d621
  depends:
  - __glibc >=2.17,<3.0.a0
  - ca-certificates
  - libgcc >=14
  license: Apache-2.0
  license_family: Apache
  size: 3128847
  timestamp: 1754465526100
- conda: https://conda.anaconda.org/conda-forge/noarch/packaging-25.0-pyh29332c3_1.conda
  sha256: 289861ed0c13a15d7bbb408796af4de72c2fe67e2bcb0de98f4c3fce259d7991
  md5: 58335b26c38bf4a20f399384c33cbcf9
  depends:
  - python >=3.8
  - python
  license: Apache-2.0
  license_family: APACHE
  size: 62477
  timestamp: 1745345660407
- conda: https://conda.anaconda.org/conda-forge/noarch/parso-0.8.4-pyhd8ed1ab_1.conda
  sha256: 17131120c10401a99205fc6fe436e7903c0fa092f1b3e80452927ab377239bcc
  md5: 5c092057b6badd30f75b06244ecd01c9
  depends:
  - python >=3.9
  license: MIT
  license_family: MIT
  size: 75295
  timestamp: 1733271352153
- conda: https://conda.anaconda.org/conda-forge/linux-64/polars-1.32.3-default_h3512890_0.conda
  sha256: ced51411db31a8b403ef33c35dda78dd64bc169ba725c3ccf54ec3c6124bb381
  md5: 43ff217be270dde3228f423f2d95c995
  depends:
  - polars-default ==1.32.3 py39hf521cc8_0
  license: MIT
  license_family: MIT
  size: 5732
  timestamp: 1755249658288
- conda: https://conda.anaconda.org/conda-forge/linux-64/polars-default-1.32.3-py39hf521cc8_0.conda
  noarch: python
  sha256: c3de83d052bf06e8df0d46928fe79b7d7e90885a9f1366b05b852db20e80dafa
  md5: 396b65e7b176bb0345f164d30451f718
  depends:
  - python
  - libstdcxx >=14
  - libgcc >=14
  - __glibc >=2.17,<3.0.a0
  - libgcc >=14
  - _python_abi3_support 1.*
  - cpython >=3.9
  constrains:
  - numpy >=1.16.0
  - pyarrow >=7.0.0
  - fastexcel >=0.9
  - openpyxl >=3.0.0
  - xlsx2csv >=0.8.0
  - connectorx >=0.3.2
  - deltalake >=1.0.0
  - pyiceberg >=0.7.1
  - altair >=5.4.0
  - great_tables >=0.8.0
  - polars-lts-cpu <0.0.0a0
  - polars-u64-idx <0.0.0a0
  - __glibc >=2.17
  license: MIT
  license_family: MIT
  size: 31518406
  timestamp: 1755249658288
- conda: https://conda.anaconda.org/conda-forge/linux-64/psutil-7.0.0-py313h536fd9c_0.conda
  sha256: 1b39f0ce5a345779d70c885664d77b5f8ef49f7378829bd7286a7fb98b7ea852
  md5: 8f315d1fce04a046c1b93fa6e536661d
  depends:
  - __glibc >=2.17,<3.0.a0
  - libgcc >=13
  - python >=3.13,<3.14.0a0
  - python_abi 3.13.* *_cp313
  license: BSD-3-Clause
  license_family: BSD
  size: 475101
  timestamp: 1740663284505
- conda: https://conda.anaconda.org/conda-forge/noarch/pygments-2.19.2-pyhd8ed1ab_0.conda
  sha256: 5577623b9f6685ece2697c6eb7511b4c9ac5fb607c9babc2646c811b428fd46a
  md5: 6b6ece66ebcae2d5f326c77ef2c5a066
  depends:
  - python >=3.9
  license: BSD-2-Clause
  license_family: BSD
  size: 889287
  timestamp: 1750615908735
- conda: https://conda.anaconda.org/conda-forge/noarch/pymdown-extensions-10.16.1-pyhd8ed1ab_0.conda
  sha256: 8f575f123694e5acd2829440da55828f2cea60b0af5d8fa5406d83251ba80f61
  md5: 26e013bc453e643991cfa9b76911fb79
  depends:
  - markdown >=3.6
  - python >=3.9
  - pyyaml
  license: MIT
  license_family: MIT
  size: 170121
  timestamp: 1753743741894
- conda: https://conda.anaconda.org/conda-forge/linux-64/python-3.13.5-hec9711d_102_cp313.conda
  build_number: 102
  sha256: c2cdcc98ea3cbf78240624e4077e164dc9d5588eefb044b4097c3df54d24d504
  md5: 89e07d92cf50743886f41638d58c4328
  depends:
  - __glibc >=2.17,<3.0.a0
  - bzip2 >=1.0.8,<2.0a0
  - ld_impl_linux-64 >=2.36.1
  - libexpat >=2.7.0,<3.0a0
  - libffi >=3.4.6,<3.5.0a0
  - libgcc >=13
  - liblzma >=5.8.1,<6.0a0
  - libmpdec >=4.0.0,<5.0a0
  - libsqlite >=3.50.1,<4.0a0
  - libuuid >=2.38.1,<3.0a0
  - libzlib >=1.3.1,<2.0a0
  - ncurses >=6.5,<7.0a0
  - openssl >=3.5.0,<4.0a0
  - python_abi 3.13.* *_cp313
  - readline >=8.2,<9.0a0
  - tk >=8.6.13,<8.7.0a0
  - tzdata
  license: Python-2.0
  size: 33273132
  timestamp: 1750064035176
  python_site_packages_path: lib/python3.13/site-packages
- conda: https://conda.anaconda.org/conda-forge/noarch/python-gil-3.13.5-h4df99d1_102.conda
  sha256: ac6cf618100c2e0cad1cabfe2c44bf4a944aa07bb1dc43abff73373351a7d079
  md5: 2eabcede0db21acee23c181db58b4128
  depends:
  - cpython 3.13.5.*
  - python_abi * *_cp313
  license: Python-2.0
  size: 47572
  timestamp: 1750062593102
- conda: https://conda.anaconda.org/conda-forge/noarch/python_abi-3.13-8_cp313.conda
  build_number: 8
  sha256: 210bffe7b121e651419cb196a2a63687b087497595c9be9d20ebe97dd06060a7
  md5: 94305520c52a4aa3f6c2b1ff6008d9f8
  constrains:
  - python 3.13.* *_cp313
  license: BSD-3-Clause
  license_family: BSD
  size: 7002
  timestamp: 1752805902938
- conda: https://conda.anaconda.org/conda-forge/linux-64/pyyaml-6.0.2-py313h8060acc_2.conda
  sha256: 6826217690cfe92d6d49cdeedb6d63ab32f51107105d6a459d30052a467037a0
  md5: 50992ba61a8a1f8c2d346168ae1c86df
  depends:
  - __glibc >=2.17,<3.0.a0
  - libgcc >=13
  - python >=3.13,<3.14.0a0
  - python_abi 3.13.* *_cp313
  - yaml >=0.2.5,<0.3.0a0
  license: MIT
  license_family: MIT
  size: 205919
  timestamp: 1737454783637
- conda: https://conda.anaconda.org/conda-forge/linux-64/readline-8.2-h8c095d6_2.conda
  sha256: 2d6d0c026902561ed77cd646b5021aef2d4db22e57a5b0178dfc669231e06d2c
  md5: 283b96675859b20a825f8fa30f311446
  depends:
  - libgcc >=13
  - ncurses >=6.5,<7.0a0
  license: GPL-3.0-only
  license_family: GPL
  size: 282480
  timestamp: 1740379431762
- conda: https://conda.anaconda.org/conda-forge/linux-64/ruff-0.12.9-hbf64f1c_1.conda
  noarch: python
  sha256: 97523e0f15d0c24f8059734383cb6c5b65b3e3a6a065a845a3af474a038d9862
  md5: b3614b1bb279195baf9dd2ef52d8f273
  depends:
  - python
  - __glibc >=2.17,<3.0.a0
  - libgcc >=14
  constrains:
  - __glibc >=2.17
  license: MIT
  license_family: MIT
  size: 10542465
  timestamp: 1755273908360
- conda: https://conda.anaconda.org/conda-forge/noarch/sniffio-1.3.1-pyhd8ed1ab_1.conda
  sha256: c2248418c310bdd1719b186796ae50a8a77ce555228b6acd32768e2543a15012
  md5: bf7a226e58dfb8346c70df36065d86c9
  depends:
  - python >=3.9
  license: Apache-2.0
  license_family: Apache
  size: 15019
  timestamp: 1733244175724
- conda: https://conda.anaconda.org/conda-forge/noarch/starlette-0.47.2-pyh82d4cca_0.conda
  sha256: 5112e37cb5fc739d5d386eae0a266f0687a6422b376d0078b41bcd8b0725b56f
  md5: e7456f20ee85cd9c13e36a7c7d7052a3
  depends:
  - anyio >=3.6.2,<5
  - python >=3.9
  - typing_extensions >=4.10.0
  - python
  license: BSD-3-Clause
  license_family: BSD
  size: 63741
  timestamp: 1753374988902
- conda: https://conda.anaconda.org/conda-forge/linux-64/tk-8.6.13-noxft_hd72426e_102.conda
  sha256: a84ff687119e6d8752346d1d408d5cf360dee0badd487a472aa8ddedfdc219e1
  md5: a0116df4f4ed05c303811a837d5b39d8
  depends:
  - __glibc >=2.17,<3.0.a0
  - libgcc >=13
  - libzlib >=1.3.1,<2.0a0
  license: TCL
  license_family: BSD
  size: 3285204
  timestamp: 1748387766691
- conda: https://conda.anaconda.org/conda-forge/noarch/tomlkit-0.13.3-pyha770c72_0.conda
  sha256: f8d3b49c084831a20923f66826f30ecfc55a4cd951e544b7213c692887343222
  md5: 146402bf0f11cbeb8f781fa4309a95d3
  depends:
  - python >=3.9
  license: MIT
  license_family: MIT
  size: 38777
  timestamp: 1749127286558
- conda: https://conda.anaconda.org/conda-forge/noarch/typing_extensions-4.14.1-pyhe01879c_0.conda
  sha256: 4f52390e331ea8b9019b87effaebc4f80c6466d09f68453f52d5cdc2a3e1194f
  md5: e523f4f1e980ed7a4240d7e27e9ec81f
  depends:
  - python >=3.9
  - python
  license: PSF-2.0
  license_family: PSF
  size: 51065
  timestamp: 1751643513473
- conda: https://conda.anaconda.org/conda-forge/noarch/tzdata-2025b-h78e105d_0.conda
  sha256: 5aaa366385d716557e365f0a4e9c3fca43ba196872abbbe3d56bb610d131e192
  md5: 4222072737ccff51314b5ece9c7d6f5a
  license: LicenseRef-Public-Domain
  size: 122968
  timestamp: 1742727099393
- conda: https://conda.anaconda.org/conda-forge/noarch/uvicorn-0.35.0-pyh31011fe_0.conda
  sha256: bf304f72c513bead1a670326e02971c1cfe8320cf756447a45b74a2571884ad3
  md5: c7f6c7ffba6257580291ce55fb1097aa
  depends:
  - __unix
  - click >=7.0
  - h11 >=0.8
  - python >=3.9
  - typing_extensions >=4.0
  license: BSD-3-Clause
  license_family: BSD
  size: 50232
  timestamp: 1751201685083
- conda: https://conda.anaconda.org/conda-forge/linux-64/websockets-15.0.1-py313h536fd9c_0.conda
  sha256: 16c0e5acfa57f9fcd675b4210844305ff9552fac23bc6b30a937d0e920d3b6b3
  md5: 386e5d30ed6c4e5fb99d5a163a3f7028
  depends:
  - __glibc >=2.17,<3.0.a0
  - libgcc >=13
  - python >=3.13,<3.14.0a0
  - python_abi 3.13.* *_cp313
  license: BSD-3-Clause
  license_family: BSD
  size: 273601
  timestamp: 1741285585784
- conda: https://conda.anaconda.org/conda-forge/linux-64/yaml-0.2.5-h280c20c_3.conda
  sha256: 6d9ea2f731e284e9316d95fa61869fe7bbba33df7929f82693c121022810f4ad
  md5: a77f85f77be52ff59391544bfe73390a
  depends:
  - libgcc >=14
  - __glibc >=2.17,<3.0.a0
  license: MIT
  license_family: MIT
  size: 85189
  timestamp: 1753484064210
- conda: https://conda.anaconda.org/conda-forge/noarch/zipp-3.23.0-pyhd8ed1ab_0.conda
  sha256: 7560d21e1b021fd40b65bfb72f67945a3fcb83d78ad7ccf37b8b3165ec3b68ad
  md5: df5e78d904988eb55042c0c97446079f
  depends:
  - python >=3.9
  license: MIT
  license_family: MIT
  size: 22963
  timestamp: 1749421737203
